
Microsoft Visual Studio Solution File, Format Version 12.00
# Visual Studio Version 16
VisualStudioVersion = 16.0.29123.88
MinimumVisualStudioVersion = 10.0.40219.1
Project("{9A19103F-16F7-4668-BE54-9A1E7A4F7556}") = "Pinochle.Engine", "Engine\Pinochle.Engine.csproj", "{8CB4A585-E93B-4DCB-B178-EF22830A9D42}"
EndProject
Project("{9A19103F-16F7-4668-BE54-9A1E7A4F7556}") = "Pinochle.Server", "Server\Pinochle.Server.csproj", "{9577C6FC-FF75-4A0C-8EE6-47B8F9B9C284}"
EndProject
Global
	GlobalSection(SolutionConfigurationPlatforms) = preSolution
		Debug|Any CPU = Debug|Any CPU
		Release|Any CPU = Release|Any CPU
	EndGlobalSection
	GlobalSection(ProjectConfigurationPlatforms) = postSolution
		{8CB4A585-E93B-4DCB-B178-EF22830A9D42}.Debug|Any CPU.ActiveCfg = Debug|Any CPU
		{8CB4A585-E93B-4DCB-B178-EF22830A9D42}.Debug|Any CPU.Build.0 = Debug|Any CPU
		{8CB4A585-E93B-4DCB-B178-EF22830A9D42}.Release|Any CPU.ActiveCfg = Release|Any CPU
		{8CB4A585-E93B-4DCB-B178-EF22830A9D42}.Release|Any CPU.Build.0 = Release|Any CPU
		{9577C6FC-FF75-4A0C-8EE6-47B8F9B9C284}.Debug|Any CPU.ActiveCfg = Debug|Any CPU
		{9577C6FC-FF75-4A0C-8EE6-47B8F9B9C284}.Debug|Any CPU.Build.0 = Debug|Any CPU
		{9577C6FC-FF75-4A0C-8EE6-47B8F9B9C284}.Release|Any CPU.ActiveCfg = Release|Any CPU
		{9577C6FC-FF75-4A0C-8EE6-47B8F9B9C284}.Release|Any CPU.Build.0 = Release|Any CPU
	EndGlobalSection
	GlobalSection(SolutionProperties) = preSolution
		HideSolutionNode = FALSE
	EndGlobalSection
	GlobalSection(ExtensibilityGlobals) = postSolution
		SolutionGuid = {7A2D44BD-3763-498E-99BD-2F47DB4889AE}
	EndGlobalSection
EndGlobal
