
Microsoft Visual Studio Solution File, Format Version 12.00
# Visual Studio Version 17
VisualStudioVersion = 17.4.33213.308
MinimumVisualStudioVersion = 10.0.40219.1
Project("{9A19103F-16F7-4668-BE54-9A1E7A4F7556}") = "Pinochle.Engine", "Pinochle.Engine\Pinochle.Engine.csproj", "{8CB4A585-E93B-4DCB-B178-EF22830A9D42}"
EndProject
Project("{9A19103F-16F7-4668-BE54-9A1E7A4F7556}") = "Pinochle.Server", "Pinochle.Server\Pinochle.Server.csproj", "{9577C6FC-FF75-4A0C-8EE6-47B8F9B9C284}"
EndProject
Project("{9A19103F-16F7-4668-BE54-9A1E7A4F7556}") = "Pinochle.EngineExample", "Pinochle.EngineExample\Pinochle.EngineExample.csproj", "{08B87567-DA88-4F7D-9AA7-331C29F38B1D}"
EndProject
Project("{54A90642-561A-4BB1-A94E-469ADEE60C69}") = "pinochle.gameclient", "Pinochle.GameClient\pinochle.gameclient.esproj", "{F71FF536-59C4-4A44-A6DC-2528CD98F998}"
EndProject
Project("{54A90642-561A-4BB1-A94E-469ADEE60C69}") = "Pinochle.TypescriptClient", "Pinochle.TypescriptClient\Pinochle.TypescriptClient.esproj", "{3CCC02BE-18CD-47A4-865D-450225DFB8F6}"
EndProject
Global
	GlobalSection(SolutionConfigurationPlatforms) = preSolution
		Debug|Any CPU = Debug|Any CPU
		Release|Any CPU = Release|Any CPU
	EndGlobalSection
	GlobalSection(ProjectConfigurationPlatforms) = postSolution
		{8CB4A585-E93B-4DCB-B178-EF22830A9D42}.Debug|Any CPU.ActiveCfg = Debug|Any CPU
		{8CB4A585-E93B-4DCB-B178-EF22830A9D42}.Debug|Any CPU.Build.0 = Debug|Any CPU
		{8CB4A585-E93B-4DCB-B178-EF22830A9D42}.Release|Any CPU.ActiveCfg = Release|Any CPU
		{8CB4A585-E93B-4DCB-B178-EF22830A9D42}.Release|Any CPU.Build.0 = Release|Any CPU
		{9577C6FC-FF75-4A0C-8EE6-47B8F9B9C284}.Debug|Any CPU.ActiveCfg = Debug|Any CPU
		{9577C6FC-FF75-4A0C-8EE6-47B8F9B9C284}.Debug|Any CPU.Build.0 = Debug|Any CPU
		{9577C6FC-FF75-4A0C-8EE6-47B8F9B9C284}.Release|Any CPU.ActiveCfg = Release|Any CPU
		{9577C6FC-FF75-4A0C-8EE6-47B8F9B9C284}.Release|Any CPU.Build.0 = Release|Any CPU
		{08B87567-DA88-4F7D-9AA7-331C29F38B1D}.Debug|Any CPU.ActiveCfg = Debug|Any CPU
		{08B87567-DA88-4F7D-9AA7-331C29F38B1D}.Debug|Any CPU.Build.0 = Debug|Any CPU
		{08B87567-DA88-4F7D-9AA7-331C29F38B1D}.Release|Any CPU.ActiveCfg = Release|Any CPU
		{08B87567-DA88-4F7D-9AA7-331C29F38B1D}.Release|Any CPU.Build.0 = Release|Any CPU
		{F71FF536-59C4-4A44-A6DC-2528CD98F998}.Debug|Any CPU.ActiveCfg = Debug|Any CPU
		{F71FF536-59C4-4A44-A6DC-2528CD98F998}.Debug|Any CPU.Build.0 = Debug|Any CPU
		{F71FF536-59C4-4A44-A6DC-2528CD98F998}.Debug|Any CPU.Deploy.0 = Debug|Any CPU
		{F71FF536-59C4-4A44-A6DC-2528CD98F998}.Release|Any CPU.ActiveCfg = Release|Any CPU
		{F71FF536-59C4-4A44-A6DC-2528CD98F998}.Release|Any CPU.Build.0 = Release|Any CPU
		{F71FF536-59C4-4A44-A6DC-2528CD98F998}.Release|Any CPU.Deploy.0 = Release|Any CPU
		{3CCC02BE-18CD-47A4-865D-450225DFB8F6}.Debug|Any CPU.ActiveCfg = Debug|Any CPU
		{3CCC02BE-18CD-47A4-865D-450225DFB8F6}.Debug|Any CPU.Build.0 = Debug|Any CPU
		{3CCC02BE-18CD-47A4-865D-450225DFB8F6}.Debug|Any CPU.Deploy.0 = Debug|Any CPU
		{3CCC02BE-18CD-47A4-865D-450225DFB8F6}.Release|Any CPU.ActiveCfg = Release|Any CPU
		{3CCC02BE-18CD-47A4-865D-450225DFB8F6}.Release|Any CPU.Build.0 = Release|Any CPU
		{3CCC02BE-18CD-47A4-865D-450225DFB8F6}.Release|Any CPU.Deploy.0 = Release|Any CPU
	EndGlobalSection
	GlobalSection(SolutionProperties) = preSolution
		HideSolutionNode = FALSE
	EndGlobalSection
	GlobalSection(ExtensibilityGlobals) = postSolution
		SolutionGuid = {7A2D44BD-3763-498E-99BD-2F47DB4889AE}
	EndGlobalSection
EndGlobal
